{
  "version": 4,
  "terraform_version": "1.4.6",
  "serial": 1,
  "lineage": "aba551e9-1447-468a-44fd-1b87172b8089",
  "outputs": {
    "script_path": {
      "value": "./hello.py",
      "type": "string"
    }
  },
  "resources": [
    {
      "mode": "managed",
      "type": "local_file",
      "name": "python_script",
      "provider": "provider[\"registry.terraform.io/hashicorp/local\"]",
      "instances": [
        {
          "schema_version": 0,
          "attributes": {
            "content": "#!/usr/bin/env python\r\nprint(\"Hello world\")\r\n",
            "content_base64": null,
            "content_base64sha256": "0xL4RJhkFPdavph+0+ypUmViOcrmc1wPVrd5j45PoOE=",
            "content_base64sha512": "QAV6u7zJVL0CgDXfzQqRo1s83viz/7Bway1+nRsUdyrRv/9r5JA+TKjBeDBZQrGTltbVW28nyFdh6CnZuwBybw==",
            "content_md5": "99ce5a981711a5da7a2d03242574a43f",
            "content_sha1": "b9f981adef1466d97e261b93645d6e7d8e17d7da",
            "content_sha256": "d312f844986414f75abe987ed3eca952656239cae6735c0f56b7798f8e4fa0e1",
            "content_sha512": "40057abbbcc954bd028035dfcd0a91a35b3cdef8b3ffb0706b2d7e9d1b14772ad1bfff6be4903e4ca8c178305942b19396d6d55b6f27c85761e829d9bb00726f",
            "directory_permission": "0777",
            "file_permission": "0777",
            "filename": "./hello.py",
            "id": "b9f981adef1466d97e261b93645d6e7d8e17d7da",
            "sensitive_content": null,
            "source": null
          },
          "sensitive_attributes": []
        }
      ]
    }
  ],
  "check_results": null
}